
Microsoft Visual Studio Solution File, Format Version 12.00
Project("{FAE04EC0-301F-11D3-BF4B-00C04F79EFBC}") = "Lab4", "Lab4.csproj", "{90B92D73-22A2-4408-87D5-027FDA345F28}"
EndProject
Global
	GlobalSection(SolutionConfigurationPlatforms) = preSolution
		Debug|Any CPU = Debug|Any CPU
		Release|Any CPU = Release|Any CPU
	EndGlobalSection
	GlobalSection(ProjectConfigurationPlatforms) = postSolution
		{90B92D73-22A2-4408-87D5-027FDA345F28}.Debug|Any CPU.ActiveCfg = Debug|Any CPU
		{90B92D73-22A2-4408-87D5-027FDA345F28}.Debug|Any CPU.Build.0 = Debug|Any CPU
		{90B92D73-22A2-4408-87D5-027FDA345F28}.Release|Any CPU.ActiveCfg = Release|Any CPU
		{90B92D73-22A2-4408-87D5-027FDA345F28}.Release|Any CPU.Build.0 = Release|Any CPU
	EndGlobalSection
EndGlobal
